
Microsoft Visual Studio Solution File, Format Version 12.00
# Visual Studio Version 17
VisualStudioVersion = 17.9.34723.18
MinimumVisualStudioVersion = 10.0.40219.1
Project("{FAE04EC0-301F-11D3-BF4B-00C04F79EFBC}") = "EBook_App", "EBook_App\EBook_App.csproj", "{47A4A2D4-F02B-4E48-B08F-84A1F710A04B}"
EndProject
Project("{FAE04EC0-301F-11D3-BF4B-00C04F79EFBC}") = "EBook_Services", "EBook_Services\EBook_Services.csproj", "{073F1E74-38B3-4FBA-8AEE-68D7B03E5ABD}"
EndProject
Project("{FAE04EC0-301F-11D3-BF4B-00C04F79EFBC}") = "EBook_Models", "EBook_Models\EBook_Models.csproj", "{9E40D7C9-5262-4960-B61A-D123947CE8D8}"
EndProject
Project("{FAE04EC0-301F-11D3-BF4B-00C04F79EFBC}") = "EBook_Data", "EBook_Data\EBook_Data.csproj", "{601FFBA9-1C68-4AAF-9A9E-C632FD7B57DB}"
EndProject
Global
	GlobalSection(SolutionConfigurationPlatforms) = preSolution
		Debug|Any CPU = Debug|Any CPU
		Release|Any CPU = Release|Any CPU
	EndGlobalSection
	GlobalSection(ProjectConfigurationPlatforms) = postSolution
		{47A4A2D4-F02B-4E48-B08F-84A1F710A04B}.Debug|Any CPU.ActiveCfg = Debug|Any CPU
		{47A4A2D4-F02B-4E48-B08F-84A1F710A04B}.Debug|Any CPU.Build.0 = Debug|Any CPU
		{47A4A2D4-F02B-4E48-B08F-84A1F710A04B}.Release|Any CPU.ActiveCfg = Release|Any CPU
		{47A4A2D4-F02B-4E48-B08F-84A1F710A04B}.Release|Any CPU.Build.0 = Release|Any CPU
		{073F1E74-38B3-4FBA-8AEE-68D7B03E5ABD}.Debug|Any CPU.ActiveCfg = Debug|Any CPU
		{073F1E74-38B3-4FBA-8AEE-68D7B03E5ABD}.Debug|Any CPU.Build.0 = Debug|Any CPU
		{073F1E74-38B3-4FBA-8AEE-68D7B03E5ABD}.Release|Any CPU.ActiveCfg = Release|Any CPU
		{073F1E74-38B3-4FBA-8AEE-68D7B03E5ABD}.Release|Any CPU.Build.0 = Release|Any CPU
		{9E40D7C9-5262-4960-B61A-D123947CE8D8}.Debug|Any CPU.ActiveCfg = Debug|Any CPU
		{9E40D7C9-5262-4960-B61A-D123947CE8D8}.Debug|Any CPU.Build.0 = Debug|Any CPU
		{9E40D7C9-5262-4960-B61A-D123947CE8D8}.Release|Any CPU.ActiveCfg = Release|Any CPU
		{9E40D7C9-5262-4960-B61A-D123947CE8D8}.Release|Any CPU.Build.0 = Release|Any CPU
		{601FFBA9-1C68-4AAF-9A9E-C632FD7B57DB}.Debug|Any CPU.ActiveCfg = Debug|Any CPU
		{601FFBA9-1C68-4AAF-9A9E-C632FD7B57DB}.Debug|Any CPU.Build.0 = Debug|Any CPU
		{601FFBA9-1C68-4AAF-9A9E-C632FD7B57DB}.Release|Any CPU.ActiveCfg = Release|Any CPU
		{601FFBA9-1C68-4AAF-9A9E-C632FD7B57DB}.Release|Any CPU.Build.0 = Release|Any CPU
	EndGlobalSection
	GlobalSection(SolutionProperties) = preSolution
		HideSolutionNode = FALSE
	EndGlobalSection
	GlobalSection(ExtensibilityGlobals) = postSolution
		SolutionGuid = {A16198CD-9600-4FA8-B99E-8149B9C040A4}
	EndGlobalSection
EndGlobal
